
Microsoft Visual Studio Solution File, Format Version 12.00
# Visual Studio Version 17
VisualStudioVersion = 17.3.32922.545
MinimumVisualStudioVersion = 10.0.40219.1
Project("{9A19103F-16F7-4668-BE54-9A1E7A4F7556}") = "ISWithJwtTokens.API", "ISWithJwtTokens.API\ISWithJwtTokens.API.csproj", "{20011B07-1F84-45EB-B7A0-CEC4018AAA50}"
EndProject
Project("{9A19103F-16F7-4668-BE54-9A1E7A4F7556}") = "ISWithJwtTokens.IS", "ISWithJwtTokens.IS\ISWithJwtTokens.IS.csproj", "{2ACC8697-DE0E-499A-BC0D-6781E21AE97A}"
EndProject
Global
	GlobalSection(SolutionConfigurationPlatforms) = preSolution
		Debug|Any CPU = Debug|Any CPU
		Release|Any CPU = Release|Any CPU
	EndGlobalSection
	GlobalSection(ProjectConfigurationPlatforms) = postSolution
		{20011B07-1F84-45EB-B7A0-CEC4018AAA50}.Debug|Any CPU.ActiveCfg = Debug|Any CPU
		{20011B07-1F84-45EB-B7A0-CEC4018AAA50}.Debug|Any CPU.Build.0 = Debug|Any CPU
		{20011B07-1F84-45EB-B7A0-CEC4018AAA50}.Release|Any CPU.ActiveCfg = Release|Any CPU
		{20011B07-1F84-45EB-B7A0-CEC4018AAA50}.Release|Any CPU.Build.0 = Release|Any CPU
		{2ACC8697-DE0E-499A-BC0D-6781E21AE97A}.Debug|Any CPU.ActiveCfg = Debug|Any CPU
		{2ACC8697-DE0E-499A-BC0D-6781E21AE97A}.Debug|Any CPU.Build.0 = Debug|Any CPU
		{2ACC8697-DE0E-499A-BC0D-6781E21AE97A}.Release|Any CPU.ActiveCfg = Release|Any CPU
		{2ACC8697-DE0E-499A-BC0D-6781E21AE97A}.Release|Any CPU.Build.0 = Release|Any CPU
	EndGlobalSection
	GlobalSection(SolutionProperties) = preSolution
		HideSolutionNode = FALSE
	EndGlobalSection
	GlobalSection(ExtensibilityGlobals) = postSolution
		SolutionGuid = {64D0C8C6-2FC4-455B-A9B9-8CD06B695C98}
	EndGlobalSection
EndGlobal
